
Microsoft Visual Studio Solution File, Format Version 12.00
# Visual Studio Version 16
VisualStudioVersion = 16.0.30330.147
MinimumVisualStudioVersion = 10.0.40219.1
Project("{FAE04EC0-301F-11D3-BF4B-00C04F79EFBC}") = "NSBM Food Corner", "NSBM Food Corner\NSBM Food Corner.csproj", "{8ABD80D0-463E-4CF1-B026-A86CBD174757}"
EndProject
Global
	GlobalSection(SolutionConfigurationPlatforms) = preSolution
		Debug|Any CPU = Debug|Any CPU
		Release|Any CPU = Release|Any CPU
	EndGlobalSection
	GlobalSection(ProjectConfigurationPlatforms) = postSolution
		{8ABD80D0-463E-4CF1-B026-A86CBD174757}.Debug|Any CPU.ActiveCfg = Debug|Any CPU
		{8ABD80D0-463E-4CF1-B026-A86CBD174757}.Debug|Any CPU.Build.0 = Debug|Any CPU
		{8ABD80D0-463E-4CF1-B026-A86CBD174757}.Release|Any CPU.ActiveCfg = Release|Any CPU
		{8ABD80D0-463E-4CF1-B026-A86CBD174757}.Release|Any CPU.Build.0 = Release|Any CPU
	EndGlobalSection
	GlobalSection(SolutionProperties) = preSolution
		HideSolutionNode = FALSE
	EndGlobalSection
	GlobalSection(ExtensibilityGlobals) = postSolution
		SolutionGuid = {C12D9D9E-94C8-49F4-AA6D-185BB9857E33}
	EndGlobalSection
EndGlobal
